PODS:
  - BEMCheckBox (1.4.1)
  - CHIPageControl (0.1.6):
    - CHIPageControl/Aji (= 0.1.6)
    - CHIPageControl/Aleppo (= 0.1.6)
    - CHIPageControl/Chimayo (= 0.1.6)
    - CHIPageControl/Fresno (= 0.1.6)
    - CHIPageControl/Jalapeno (= 0.1.6)
    - CHIPageControl/Jaloro (= 0.1.6)
    - CHIPageControl/Paprika (= 0.1.6)
    - CHIPageControl/Puya (= 0.1.6)
  - CHIPageControl/Aji (0.1.6)
  - CHIPageControl/Aleppo (0.1.6)
  - CHIPageControl/Chimayo (0.1.6)
  - CHIPageControl/Fresno (0.1.6)
  - CHIPageControl/Jalapeno (0.1.6)
  - CHIPageControl/Jaloro (0.1.6)
  - CHIPageControl/Paprika (0.1.6)
  - CHIPageControl/Puya (0.1.6)
  - FlatUIKit (1.6.2)
  - Hero (1.3.0)
  - NightNight (0.5.0)
  - PickerView (0.3.4)
  - ViewAnimator (2.1.2)

DEPENDENCIES:
  - BEMCheckBox
  - CHIPageControl
  - FlatUIKit
  - Hero
  - NightNight
  - PickerView
  - ViewAnimator

SPEC REPOS:
  https://github.com/cocoapods/specs.git:
    - BEMCheckBox
    - CHIPageControl
    - FlatUIKit
    - Hero
    - NightNight
    - PickerView
    - ViewAnimator

SPEC CHECKSUMS:
  BEMCheckBox: 5ba6e37ade3d3657b36caecc35c8b75c6c2b1a4e
  CHIPageControl: 21b85bb8c7d4d1d15fc4f353e1eb095eb75de5f1
  FlatUIKit: 1b41f0d4952ce8d970d8479ce79df54a960242c4
  Hero: 3eecd3fd62dd2425cbc7e35505c557b86d5a379e
  NightNight: 2a5550fdd9cf424b75ebaab022c26aaba35304c8
  PickerView: 7edcbbd008682d574eb42916d74a18ebd8dba109
  ViewAnimator: 20df9a24a076c6ee78b77a4dbf1943808c94954e

PODFILE CHECKSUM: 9f609bbb5ed46526b673889981cb7b405dd65286

COCOAPODS: 1.5.3
