// !$*UTF8*$!
{
	archiveVersion = 1;
	classes = {
	};
	objectVersion = 46;
	objects = {

/* Begin PBXBuildFile section */
		D008B71A215EAE4800DD03B1 /* Bungee-Regular.ttf in Resources */ = {isa = PBXBuildFile; fileRef = D008B719215EAE4800DD03B1 /* Bungee-Regular.ttf */; };
		D008B71C215EAF1100DD03B1 /* Baloo-Regular.ttf in Resources */ = {isa = PBXBuildFile; fileRef = D008B71B215EAF1100DD03B1 /* Baloo-Regular.ttf */; };
		D028A90D1D2105F000AAA32A /* AppDelegate.swift in Sources */ = {isa = PBXBuildFile; fileRef = D028A90C1D2105F000AAA32A /* AppDelegate.swift */; };
		D028A90F1D2105F000AAA32A /* FinalCalculatorViewController.swift in Sources */ = {isa = PBXBuildFile; fileRef = D028A90E1D2105F000AAA32A /* FinalCalculatorViewController.swift */; };
		D028A9121D2105F000AAA32A /* Main.storyboard in Resources */ = {isa = PBXBuildFile; fileRef = D028A9101D2105F000AAA32A /* Main.storyboard */; };
		D028A9141D2105F000AAA32A /* Assets.xcassets in Resources */ = {isa = PBXBuildFile; fileRef = D028A9131D2105F000AAA32A /* Assets.xcassets */; };
		D028A9171D2105F000AAA32A /* LaunchScreen.storyboard in Resources */ = {isa = PBXBuildFile; fileRef = D028A9151D2105F000AAA32A /* LaunchScreen.storyboard */; };
		D04761461FFC90CD00B2CD9B /* CourseGradeCalculator.swift in Sources */ = {isa = PBXBuildFile; fileRef = D04761451FFC90CD00B2CD9B /* CourseGradeCalculator.swift */; };
		D06837E6215E02B4007EBA7E /* Quicksand-Medium.ttf in Resources */ = {isa = PBXBuildFile; fileRef = D06837E5215E02B4007EBA7E /* Quicksand-Medium.ttf */; };
		D06837E8215E05A1007EBA7E /* FredokaOne-Regular.ttf in Resources */ = {isa = PBXBuildFile; fileRef = D06837E7215E05A1007EBA7E /* FredokaOne-Regular.ttf */; };
		D06837EF215E08CE007EBA7E /* Quicksand-Bold.ttf in Resources */ = {isa = PBXBuildFile; fileRef = D06837E9215E08CD007EBA7E /* Quicksand-Bold.ttf */; };
		D06837F0215E08CE007EBA7E /* Quicksand-Light.ttf in Resources */ = {isa = PBXBuildFile; fileRef = D06837EA215E08CE007EBA7E /* Quicksand-Light.ttf */; };
		D06837F1215E08CE007EBA7E /* Comfortaa-Bold.ttf in Resources */ = {isa = PBXBuildFile; fileRef = D06837EB215E08CE007EBA7E /* Comfortaa-Bold.ttf */; };
		D06837F2215E08CE007EBA7E /* Quicksand-Regular.ttf in Resources */ = {isa = PBXBuildFile; fileRef = D06837EC215E08CE007EBA7E /* Quicksand-Regular.ttf */; };
		D06837F3215E08CE007EBA7E /* Comfortaa-Light.ttf in Resources */ = {isa = PBXBuildFile; fileRef = D06837ED215E08CE007EBA7E /* Comfortaa-Light.ttf */; };
		D06837F4215E08CE007EBA7E /* Comfortaa-Regular.ttf in Resources */ = {isa = PBXBuildFile; fileRef = D06837EE215E08CE007EBA7E /* Comfortaa-Regular.ttf */; };
		D078EFF61D828EBB0063C825 /* ShowLaunchScreen.swift in Sources */ = {isa = PBXBuildFile; fileRef = D078EFF51D828EBB0063C825 /* ShowLaunchScreen.swift */; };
		D09AF72D200891C70002C506 /* PickerViewController.swift in Sources */ = {isa = PBXBuildFile; fileRef = D09AF72C200891C70002C506 /* PickerViewController.swift */; };
		D0A83406202ED81D00BCC4E5 /* ClassButtonPage.xib in Resources */ = {isa = PBXBuildFile; fileRef = D0A83405202ED81D00BCC4E5 /* ClassButtonPage.xib */; };
		D0D7DCA6202BF3040077C64D /* ClassButtonPage.swift in Sources */ = {isa = PBXBuildFile; fileRef = D0D7DCA5202BF3040077C64D /* ClassButtonPage.swift */; };
		D0D7DCA8202D74B80077C64D /* CustomScrollView.swift in Sources */ = {isa = PBXBuildFile; fileRef = D0D7DCA7202D74B80077C64D /* CustomScrollView.swift */; };
		EC6E700E9C8F8C81F543CF8D /* Pods_GradeMate.framework in Frameworks */ = {isa = PBXBuildFile; fileRef = 7DB97C7EB7CC79108B33B8A6 /* Pods_GradeMate.framework */; };
/* End PBXBuildFile section */

/* Begin PBXFileReference section */
		7DB97C7EB7CC79108B33B8A6 /* Pods_GradeMate.framework */ = {isa = PBXFileReference; explicitFileType = wrapper.framework; includeInIndex = 0; path = Pods_GradeMate.framework; sourceTree = BUILT_PRODUCTS_DIR; };
		9B7E89091AA10A1DE727BE69 /* Pods-GradeMate.release.xcconfig */ = {isa = PBXFileReference; includeInIndex = 1; lastKnownFileType = text.xcconfig; name = "Pods-GradeMate.release.xcconfig"; path = "Pods/Target Support Files/Pods-GradeMate/Pods-GradeMate.release.xcconfig"; sourceTree = "<group>"; };
		CE849ED656898E5236F40FD2 /* Pods-GradeMate.debug.xcconfig */ = {isa = PBXFileReference; includeInIndex = 1; lastKnownFileType = text.xcconfig; name = "Pods-GradeMate.debug.xcconfig"; path = "Pods/Target Support Files/Pods-GradeMate/Pods-GradeMate.debug.xcconfig"; sourceTree = "<group>"; };
		D008B719215EAE4800DD03B1 /* Bungee-Regular.ttf */ = {isa = PBXFileReference; lastKnownFileType = file; path = "Bungee-Regular.ttf"; sourceTree = "<group>"; };
		D008B71B215EAF1100DD03B1 /* Baloo-Regular.ttf */ = {isa = PBXFileReference; lastKnownFileType = file; path = "Baloo-Regular.ttf"; sourceTree = "<group>"; };
		D028A9091D2105F000AAA32A /* GradeMate.app */ = {isa = PBXFileReference; explicitFileType = wrapper.application; includeInIndex = 0; path = GradeMate.app; sourceTree = BUILT_PRODUCTS_DIR; };
		D028A90C1D2105F000AAA32A /* AppDelegate.swift */ = {isa = PBXFileReference; lastKnownFileType = sourcecode.swift; path = AppDelegate.swift; sourceTree = "<group>"; };
		D028A90E1D2105F000AAA32A /* FinalCalculatorViewController.swift */ = {isa = PBXFileReference; lastKnownFileType = sourcecode.swift; path = FinalCalculatorViewController.swift; sourceTree = "<group>"; };
		D028A9111D2105F000AAA32A /* Base */ = {isa = PBXFileReference; lastKnownFileType = file.storyboard; name = Base; path = Base.lproj/Main.storyboard; sourceTree = "<group>"; };
		D028A9131D2105F000AAA32A /* Assets.xcassets */ = {isa = PBXFileReference; lastKnownFileType = folder.assetcatalog; path = Assets.xcassets; sourceTree = "<group>"; };
		D028A9161D2105F000AAA32A /* Base */ = {isa = PBXFileReference; lastKnownFileType = file.storyboard; name = Base; path = Base.lproj/LaunchScreen.storyboard; sourceTree = "<group>"; };
		D028A9181D2105F000AAA32A /* Info.plist */ = {isa = PBXFileReference; lastKnownFileType = text.plist.xml; path = Info.plist; sourceTree = "<group>"; };
		D04761451FFC90CD00B2CD9B /* CourseGradeCalculator.swift */ = {isa = PBXFileReference; lastKnownFileType = sourcecode.swift; path = CourseGradeCalculator.swift; sourceTree = "<group>"; };
		D06837E5215E02B4007EBA7E /* Quicksand-Medium.ttf */ = {isa = PBXFileReference; lastKnownFileType = file; name = "Quicksand-Medium.ttf"; path = "Quicksand/Quicksand-Medium.ttf"; sourceTree = SOURCE_ROOT; };
		D06837E7215E05A1007EBA7E /* FredokaOne-Regular.ttf */ = {isa = PBXFileReference; lastKnownFileType = file; name = "FredokaOne-Regular.ttf"; path = "Fredoka_One/FredokaOne-Regular.ttf"; sourceTree = SOURCE_ROOT; };
		D06837E9215E08CD007EBA7E /* Quicksand-Bold.ttf */ = {isa = PBXFileReference; lastKnownFileType = file; name = "Quicksand-Bold.ttf"; path = "Quicksand/Quicksand-Bold.ttf"; sourceTree = SOURCE_ROOT; };
		D06837EA215E08CE007EBA7E /* Quicksand-Light.ttf */ = {isa = PBXFileReference; lastKnownFileType = file; name = "Quicksand-Light.ttf"; path = "Quicksand/Quicksand-Light.ttf"; sourceTree = SOURCE_ROOT; };
		D06837EB215E08CE007EBA7E /* Comfortaa-Bold.ttf */ = {isa = PBXFileReference; lastKnownFileType = file; name = "Comfortaa-Bold.ttf"; path = "Comfortaa/Comfortaa-Bold.ttf"; sourceTree = SOURCE_ROOT; };
		D06837EC215E08CE007EBA7E /* Quicksand-Regular.ttf */ = {isa = PBXFileReference; lastKnownFileType = file; name = "Quicksand-Regular.ttf"; path = "Quicksand/Quicksand-Regular.ttf"; sourceTree = SOURCE_ROOT; };
		D06837ED215E08CE007EBA7E /* Comfortaa-Light.ttf */ = {isa = PBXFileReference; lastKnownFileType = file; name = "Comfortaa-Light.ttf"; path = "Comfortaa/Comfortaa-Light.ttf"; sourceTree = SOURCE_ROOT; };
		D06837EE215E08CE007EBA7E /* Comfortaa-Regular.ttf */ = {isa = PBXFileReference; lastKnownFileType = file; name = "Comfortaa-Regular.ttf"; path = "Comfortaa/Comfortaa-Regular.ttf"; sourceTree = SOURCE_ROOT; };
		D078EFF51D828EBB0063C825 /* ShowLaunchScreen.swift */ = {isa = PBXFileReference; fileEncoding = 4; lastKnownFileType = sourcecode.swift; path = ShowLaunchScreen.swift; sourceTree = "<group>"; };
		D09AF72C200891C70002C506 /* PickerViewController.swift */ = {isa = PBXFileReference; lastKnownFileType = sourcecode.swift; path = PickerViewController.swift; sourceTree = "<group>"; };
		D0A83405202ED81D00BCC4E5 /* ClassButtonPage.xib */ = {isa = PBXFileReference; lastKnownFileType = file.xib; path = ClassButtonPage.xib; sourceTree = "<group>"; };
		D0D7DCA5202BF3040077C64D /* ClassButtonPage.swift */ = {isa = PBXFileReference; lastKnownFileType = sourcecode.swift; path = ClassButtonPage.swift; sourceTree = "<group>"; };
		D0D7DCA7202D74B80077C64D /* CustomScrollView.swift */ = {isa = PBXFileReference; lastKnownFileType = sourcecode.swift; path = CustomScrollView.swift; sourceTree = "<group>"; };
/* End PBXFileReference section */

/* Begin PBXFrameworksBuildPhase section */
		D028A9061D2105F000AAA32A /* Frameworks */ = {
			isa = PBXFrameworksBuildPhase;
			buildActionMask = 2147483647;
			files = (
				EC6E700E9C8F8C81F543CF8D /* Pods_GradeMate.framework in Frameworks */,
			);
			runOnlyForDeploymentPostprocessing = 0;
		};
/* End PBXFrameworksBuildPhase section */

/* Begin PBXGroup section */
		18927FB0D13997D368356D1C /* Frameworks */ = {
			isa = PBXGroup;
			children = (
				7DB97C7EB7CC79108B33B8A6 /* Pods_GradeMate.framework */,
			);
			name = Frameworks;
			sourceTree = "<group>";
		};
		78FF59A8FE0D2531BDB6334E /* Pods */ = {
			isa = PBXGroup;
			children = (
				CE849ED656898E5236F40FD2 /* Pods-GradeMate.debug.xcconfig */,
				9B7E89091AA10A1DE727BE69 /* Pods-GradeMate.release.xcconfig */,
			);
			name = Pods;
			sourceTree = "<group>";
		};
		D028A9001D2105F000AAA32A = {
			isa = PBXGroup;
			children = (
				D06837E4215E0268007EBA7E /* Fonts */,
				D028A90B1D2105F000AAA32A /* GradeMate */,
				D028A90A1D2105F000AAA32A /* Products */,
				78FF59A8FE0D2531BDB6334E /* Pods */,
				18927FB0D13997D368356D1C /* Frameworks */,
			);
			sourceTree = "<group>";
		};
		D028A90A1D2105F000AAA32A /* Products */ = {
			isa = PBXGroup;
			children = (
				D028A9091D2105F000AAA32A /* GradeMate.app */,
			);
			name = Products;
			sourceTree = "<group>";
		};
		D028A90B1D2105F000AAA32A /* GradeMate */ = {
			isa = PBXGroup;
			children = (
				D0D7DCA9202D90FD0077C64D /* SavedClasses */,
				D04004E920075D5F0009B998 /* View */,
				D04004E820075D4E0009B998 /* Controller */,
				D028A90C1D2105F000AAA32A /* AppDelegate.swift */,
				D028A9131D2105F000AAA32A /* Assets.xcassets */,
				D028A9181D2105F000AAA32A /* Info.plist */,
			);
			path = GradeMate;
			sourceTree = "<group>";
		};
		D04004E820075D4E0009B998 /* Controller */ = {
			isa = PBXGroup;
			children = (
				D078EFF51D828EBB0063C825 /* ShowLaunchScreen.swift */,
				D09AF72C200891C70002C506 /* PickerViewController.swift */,
				D028A90E1D2105F000AAA32A /* FinalCalculatorViewController.swift */,
				D04761451FFC90CD00B2CD9B /* CourseGradeCalculator.swift */,
				D0D7DCA7202D74B80077C64D /* CustomScrollView.swift */,
			);
			path = Controller;
			sourceTree = "<group>";
		};
		D04004E920075D5F0009B998 /* View */ = {
			isa = PBXGroup;
			children = (
				D028A9101D2105F000AAA32A /* Main.storyboard */,
				D028A9151D2105F000AAA32A /* LaunchScreen.storyboard */,
			);
			path = View;
			sourceTree = "<group>";
		};
		D06837E4215E0268007EBA7E /* Fonts */ = {
			isa = PBXGroup;
			children = (
				D008B71B215EAF1100DD03B1 /* Baloo-Regular.ttf */,
				D008B719215EAE4800DD03B1 /* Bungee-Regular.ttf */,
				D06837EB215E08CE007EBA7E /* Comfortaa-Bold.ttf */,
				D06837ED215E08CE007EBA7E /* Comfortaa-Light.ttf */,
				D06837EE215E08CE007EBA7E /* Comfortaa-Regular.ttf */,
				D06837E9215E08CD007EBA7E /* Quicksand-Bold.ttf */,
				D06837EA215E08CE007EBA7E /* Quicksand-Light.ttf */,
				D06837EC215E08CE007EBA7E /* Quicksand-Regular.ttf */,
				D06837E7215E05A1007EBA7E /* FredokaOne-Regular.ttf */,
				D06837E5215E02B4007EBA7E /* Quicksand-Medium.ttf */,
			);
			path = Fonts;
			sourceTree = "<group>";
		};
		D0D7DCA9202D90FD0077C64D /* SavedClasses */ = {
			isa = PBXGroup;
			children = (
				D0A83405202ED81D00BCC4E5 /* ClassButtonPage.xib */,
				D0D7DCA5202BF3040077C64D /* ClassButtonPage.swift */,
			);
			path = SavedClasses;
			sourceTree = "<group>";
		};
/* End PBXGroup section */

/* Begin PBXNativeTarget section */
		D028A9081D2105F000AAA32A /* GradeMate */ = {
			isa = PBXNativeTarget;
			buildConfigurationList = D028A91B1D2105F000AAA32A /* Build configuration list for PBXNativeTarget "GradeMate" */;
			buildPhases = (
				D1ABB8AED44865F5B53456DE /* [CP] Check Pods Manifest.lock */,
				D028A9051D2105F000AAA32A /* Sources */,
				D028A9061D2105F000AAA32A /* Frameworks */,
				D028A9071D2105F000AAA32A /* Resources */,
				A81F57B896BF6984F0AE355D /* [CP] Embed Pods Frameworks */,
			);
			buildRules = (
			);
			dependencies = (
			);
			name = GradeMate;
			productName = "Grade Calculator";
			productReference = D028A9091D2105F000AAA32A /* GradeMate.app */;
			productType = "com.apple.product-type.application";
		};
/* End PBXNativeTarget section */

/* Begin PBXProject section */
		D028A9011D2105F000AAA32A /* Project object */ = {
			isa = PBXProject;
			attributes = {
				LastSwiftUpdateCheck = 0730;
				LastUpgradeCheck = 1020;
				ORGANIZATIONNAME = "The Half-Blood Jedi";
				TargetAttributes = {
					D028A9081D2105F000AAA32A = {
						CreatedOnToolsVersion = 7.3.1;
						DevelopmentTeam = UZ338LKNSU;
						LastSwiftMigration = 1020;
					};
				};
			};
			buildConfigurationList = D028A9041D2105F000AAA32A /* Build configuration list for PBXProject "GradeMate" */;
			compatibilityVersion = "Xcode 3.2";
			developmentRegion = en;
			hasScannedForEncodings = 0;
			knownRegions = (
				en,
				Base,
			);
			mainGroup = D028A9001D2105F000AAA32A;
			productRefGroup = D028A90A1D2105F000AAA32A /* Products */;
			projectDirPath = "";
			projectRoot = "";
			targets = (
				D028A9081D2105F000AAA32A /* GradeMate */,
			);
		};
/* End PBXProject section */

/* Begin PBXResourcesBuildPhase section */
		D028A9071D2105F000AAA32A /* Resources */ = {
			isa = PBXResourcesBuildPhase;
			buildActionMask = 2147483647;
			files = (
				D06837EF215E08CE007EBA7E /* Quicksand-Bold.ttf in Resources */,
				D028A9171D2105F000AAA32A /* LaunchScreen.storyboard in Resources */,
				D028A9141D2105F000AAA32A /* Assets.xcassets in Resources */,
				D028A9121D2105F000AAA32A /* Main.storyboard in Resources */,
				D008B71A215EAE4800DD03B1 /* Bungee-Regular.ttf in Resources */,
				D06837F4215E08CE007EBA7E /* Comfortaa-Regular.ttf in Resources */,
				D0A83406202ED81D00BCC4E5 /* ClassButtonPage.xib in Resources */,
				D06837E6215E02B4007EBA7E /* Quicksand-Medium.ttf in Resources */,
				D06837E8215E05A1007EBA7E /* FredokaOne-Regular.ttf in Resources */,
				D06837F0215E08CE007EBA7E /* Quicksand-Light.ttf in Resources */,
				D06837F1215E08CE007EBA7E /* Comfortaa-Bold.ttf in Resources */,
				D06837F2215E08CE007EBA7E /* Quicksand-Regular.ttf in Resources */,
				D06837F3215E08CE007EBA7E /* Comfortaa-Light.ttf in Resources */,
				D008B71C215EAF1100DD03B1 /* Baloo-Regular.ttf in Resources */,
			);
			runOnlyForDeploymentPostprocessing = 0;
		};
/* End PBXResourcesBuildPhase section */

/* Begin PBXShellScriptBuildPhase section */
		A81F57B896BF6984F0AE355D /* [CP] Embed Pods Frameworks */ = {
			isa = PBXShellScriptBuildPhase;
			buildActionMask = 2147483647;
			files = (
			);
			inputPaths = (
				"${SRCROOT}/Pods/Target Support Files/Pods-GradeMate/Pods-GradeMate-frameworks.sh",
				"${BUILT_PRODUCTS_DIR}/BEMCheckBox/BEMCheckBox.framework",
				"${BUILT_PRODUCTS_DIR}/CHIPageControl/CHIPageControl.framework",
				"${BUILT_PRODUCTS_DIR}/FlatUIKit/FlatUIKit.framework",
				"${BUILT_PRODUCTS_DIR}/Haptica/Haptica.framework",
				"${BUILT_PRODUCTS_DIR}/Hero/Hero.framework",
				"${BUILT_PRODUCTS_DIR}/NightNight/NightNight.framework",
				"${BUILT_PRODUCTS_DIR}/PickerView/PickerView.framework",
				"${BUILT_PRODUCTS_DIR}/ViewAnimator/ViewAnimator.framework",
				"${BUILT_PRODUCTS_DIR}/WhatsNewKit/WhatsNewKit.framework",
			);
			name = "[CP] Embed Pods Frameworks";
			outputPaths = (
				"${TARGET_BUILD_DIR}/${FRAMEWORKS_FOLDER_PATH}/BEMCheckBox.framework",
				"${TARGET_BUILD_DIR}/${FRAMEWORKS_FOLDER_PATH}/CHIPageControl.framework",
				"${TARGET_BUILD_DIR}/${FRAMEWORKS_FOLDER_PATH}/FlatUIKit.framework",
				"${TARGET_BUILD_DIR}/${FRAMEWORKS_FOLDER_PATH}/Haptica.framework",
				"${TARGET_BUILD_DIR}/${FRAMEWORKS_FOLDER_PATH}/Hero.framework",
				"${TARGET_BUILD_DIR}/${FRAMEWORKS_FOLDER_PATH}/NightNight.framework",
				"${TARGET_BUILD_DIR}/${FRAMEWORKS_FOLDER_PATH}/PickerView.framework",
				"${TARGET_BUILD_DIR}/${FRAMEWORKS_FOLDER_PATH}/ViewAnimator.framework",
				"${TARGET_BUILD_DIR}/${FRAMEWORKS_FOLDER_PATH}/WhatsNewKit.framework",
			);
			runOnlyForDeploymentPostprocessing = 0;
			shellPath = /bin/sh;
			shellScript = "\"${SRCROOT}/Pods/Target Support Files/Pods-GradeMate/Pods-GradeMate-frameworks.sh\"\n";
			showEnvVarsInLog = 0;
		};
		D1ABB8AED44865F5B53456DE /* [CP] Check Pods Manifest.lock */ = {
			isa = PBXShellScriptBuildPhase;
			buildActionMask = 2147483647;
			files = (
			);
			inputPaths = (
				"${PODS_PODFILE_DIR_PATH}/Podfile.lock",
				"${PODS_ROOT}/Manifest.lock",
			);
			name = "[CP] Check Pods Manifest.lock";
			outputPaths = (
				"$(DERIVED_FILE_DIR)/Pods-GradeMate-checkManifestLockResult.txt",
			);
			runOnlyForDeploymentPostprocessing = 0;
			shellPath = /bin/sh;
			shellScript = "diff \"${PODS_PODFILE_DIR_PATH}/Podfile.lock\" \"${PODS_ROOT}/Manifest.lock\" > /dev/null\nif [ $? != 0 ] ; then\n    # print error to STDERR\n    echo \"error: The sandbox is not in sync with the Podfile.lock. Run 'pod install' or update your CocoaPods installation.\" >&2\n    exit 1\nfi\n# This output is used by Xcode 'outputs' to avoid re-running this script phase.\necho \"SUCCESS\" > \"${SCRIPT_OUTPUT_FILE_0}\"\n";
			showEnvVarsInLog = 0;
		};
/* End PBXShellScriptBuildPhase section */

/* Begin PBXSourcesBuildPhase section */
		D028A9051D2105F000AAA32A /* Sources */ = {
			isa = PBXSourcesBuildPhase;
			buildActionMask = 2147483647;
			files = (
				D09AF72D200891C70002C506 /* PickerViewController.swift in Sources */,
				D028A90F1D2105F000AAA32A /* FinalCalculatorViewController.swift in Sources */,
				D04761461FFC90CD00B2CD9B /* CourseGradeCalculator.swift in Sources */,
				D028A90D1D2105F000AAA32A /* AppDelegate.swift in Sources */,
				D0D7DCA8202D74B80077C64D /* CustomScrollView.swift in Sources */,
				D078EFF61D828EBB0063C825 /* ShowLaunchScreen.swift in Sources */,
				D0D7DCA6202BF3040077C64D /* ClassButtonPage.swift in Sources */,
			);
			runOnlyForDeploymentPostprocessing = 0;
		};
/* End PBXSourcesBuildPhase section */

/* Begin PBXVariantGroup section */
		D028A9101D2105F000AAA32A /* Main.storyboard */ = {
			isa = PBXVariantGroup;
			children = (
				D028A9111D2105F000AAA32A /* Base */,
			);
			name = Main.storyboard;
			sourceTree = "<group>";
		};
		D028A9151D2105F000AAA32A /* LaunchScreen.storyboard */ = {
			isa = PBXVariantGroup;
			children = (
				D028A9161D2105F000AAA32A /* Base */,
			);
			name = LaunchScreen.storyboard;
			sourceTree = "<group>";
		};
/* End PBXVariantGroup section */

/* Begin XCBuildConfiguration section */
		D028A9191D2105F000AAA32A /* Debug */ = {
			isa = XCBuildConfiguration;
			buildSettings = {
				ALWAYS_SEARCH_USER_PATHS = NO;
				CLANG_ANALYZER_LOCALIZABILITY_NONLOCALIZED = YES;
				CLANG_ANALYZER_NONNULL = YES;
				CLANG_CXX_LANGUAGE_STANDARD = "gnu++0x";
				CLANG_CXX_LIBRARY = "libc++";
				CLANG_ENABLE_MODULES = YES;
				CLANG_ENABLE_OBJC_ARC = YES;
				CLANG_WARN_BLOCK_CAPTURE_AUTORELEASING = YES;
				CLANG_WARN_BOOL_CONVERSION = YES;
				CLANG_WARN_COMMA = YES;
				CLANG_WARN_CONSTANT_CONVERSION = YES;
				CLANG_WARN_DEPRECATED_OBJC_IMPLEMENTATIONS = YES;
				CLANG_WARN_DIRECT_OBJC_ISA_USAGE = YES_ERROR;
				CLANG_WARN_EMPTY_BODY = YES;
				CLANG_WARN_ENUM_CONVERSION = YES;
				CLANG_WARN_INFINITE_RECURSION = YES;
				CLANG_WARN_INT_CONVERSION = YES;
				CLANG_WARN_NON_LITERAL_NULL_CONVERSION = YES;
				CLANG_WARN_OBJC_IMPLICIT_RETAIN_SELF = YES;
				CLANG_WARN_OBJC_LITERAL_CONVERSION = YES;
				CLANG_WARN_OBJC_ROOT_CLASS = YES_ERROR;
				CLANG_WARN_RANGE_LOOP_ANALYSIS = YES;
				CLANG_WARN_STRICT_PROTOTYPES = YES;
				CLANG_WARN_SUSPICIOUS_MOVE = YES;
				CLANG_WARN_UNREACHABLE_CODE = YES;
				CLANG_WARN__DUPLICATE_METHOD_MATCH = YES;
				"CODE_SIGN_IDENTITY[sdk=iphoneos*]" = "iPhone Developer";
				COPY_PHASE_STRIP = NO;
				DEBUG_INFORMATION_FORMAT = dwarf;
				ENABLE_STRICT_OBJC_MSGSEND = YES;
				ENABLE_TESTABILITY = YES;
				GCC_C_LANGUAGE_STANDARD = gnu99;
				GCC_DYNAMIC_NO_PIC = NO;
				GCC_NO_COMMON_BLOCKS = YES;
				GCC_OPTIMIZATION_LEVEL = 0;
				GCC_PREPROCESSOR_DEFINITIONS = (
					"DEBUG=1",
					"$(inherited)",
				);
				GCC_WARN_64_TO_32_BIT_CONVERSION = YES;
				GCC_WARN_ABOUT_RETURN_TYPE = YES_ERROR;
				GCC_WARN_UNDECLARED_SELECTOR = YES;
				GCC_WARN_UNINITIALIZED_AUTOS = YES_AGGRESSIVE;
				GCC_WARN_UNUSED_FUNCTION = YES;
				GCC_WARN_UNUSED_VARIABLE = YES;
				IPHONEOS_DEPLOYMENT_TARGET = 9.0;
				MTL_ENABLE_DEBUG_INFO = YES;
				ONLY_ACTIVE_ARCH = YES;
				SDKROOT = iphoneos;
				SWIFT_OPTIMIZATION_LEVEL = "-Onone";
			};
			name = Debug;
		};
		D028A91A1D2105F000AAA32A /* Release */ = {
			isa = XCBuildConfiguration;
			buildSettings = {
				ALWAYS_SEARCH_USER_PATHS = NO;
				CLANG_ANALYZER_LOCALIZABILITY_NONLOCALIZED = YES;
				CLANG_ANALYZER_NONNULL = YES;
				CLANG_CXX_LANGUAGE_STANDARD = "gnu++0x";
				CLANG_CXX_LIBRARY = "libc++";
				CLANG_ENABLE_MODULES = YES;
				CLANG_ENABLE_OBJC_ARC = YES;
				CLANG_WARN_BLOCK_CAPTURE_AUTORELEASING = YES;
				CLANG_WARN_BOOL_CONVERSION = YES;
				CLANG_WARN_COMMA = YES;
				CLANG_WARN_CONSTANT_CONVERSION = YES;
				CLANG_WARN_DEPRECATED_OBJC_IMPLEMENTATIONS = YES;
				CLANG_WARN_DIRECT_OBJC_ISA_USAGE = YES_ERROR;
				CLANG_WARN_EMPTY_BODY = YES;
				CLANG_WARN_ENUM_CONVERSION = YES;
				CLANG_WARN_INFINITE_RECURSION = YES;
				CLANG_WARN_INT_CONVERSION = YES;
				CLANG_WARN_NON_LITERAL_NULL_CONVERSION = YES;
				CLANG_WARN_OBJC_IMPLICIT_RETAIN_SELF = YES;
				CLANG_WARN_OBJC_LITERAL_CONVERSION = YES;
				CLANG_WARN_OBJC_ROOT_CLASS = YES_ERROR;
				CLANG_WARN_RANGE_LOOP_ANALYSIS = YES;
				CLANG_WARN_STRICT_PROTOTYPES = YES;
				CLANG_WARN_SUSPICIOUS_MOVE = YES;
				CLANG_WARN_UNREACHABLE_CODE = YES;
				CLANG_WARN__DUPLICATE_METHOD_MATCH = YES;
				"CODE_SIGN_IDENTITY[sdk=iphoneos*]" = "iPhone Developer";
				COPY_PHASE_STRIP = NO;
				DEBUG_INFORMATION_FORMAT = "dwarf-with-dsym";
				ENABLE_NS_ASSERTIONS = NO;
				ENABLE_STRICT_OBJC_MSGSEND = YES;
				GCC_C_LANGUAGE_STANDARD = gnu99;
				GCC_NO_COMMON_BLOCKS = YES;
				GCC_WARN_64_TO_32_BIT_CONVERSION = YES;
				GCC_WARN_ABOUT_RETURN_TYPE = YES_ERROR;
				GCC_WARN_UNDECLARED_SELECTOR = YES;
				GCC_WARN_UNINITIALIZED_AUTOS = YES_AGGRESSIVE;
				GCC_WARN_UNUSED_FUNCTION = YES;
				GCC_WARN_UNUSED_VARIABLE = YES;
				IPHONEOS_DEPLOYMENT_TARGET = 9.0;
				MTL_ENABLE_DEBUG_INFO = NO;
				SDKROOT = iphoneos;
				SWIFT_OPTIMIZATION_LEVEL = "-Owholemodule";
				VALIDATE_PRODUCT = YES;
			};
			name = Release;
		};
		D028A91C1D2105F000AAA32A /* Debug */ = {
			isa = XCBuildConfiguration;
			baseConfigurationReference = CE849ED656898E5236F40FD2 /* Pods-GradeMate.debug.xcconfig */;
			buildSettings = {
				ASSETCATALOG_COMPILER_APPICON_NAME = AppIcon;
				CODE_SIGN_IDENTITY = "iPhone Developer";
				"CODE_SIGN_IDENTITY[sdk=iphoneos*]" = "iPhone Developer";
				INFOPLIST_FILE = GradeMate/Info.plist;
				IPHONEOS_DEPLOYMENT_TARGET = 10.0;
				LD_RUNPATH_SEARCH_PATHS = "$(inherited) @executable_path/Frameworks";
				PRODUCT_BUNDLE_IDENTIFIER = "com.TheHalf-BloodJedi.GradeMate";
				PRODUCT_NAME = GradeMate;
				PROVISIONING_PROFILE = "";
				SWIFT_VERSION = 5.0;
				TARGETED_DEVICE_FAMILY = 1;
			};
			name = Debug;
		};
		D028A91D1D2105F000AAA32A /* Release */ = {
			isa = XCBuildConfiguration;
			baseConfigurationReference = 9B7E89091AA10A1DE727BE69 /* Pods-GradeMate.release.xcconfig */;
			buildSettings = {
				ASSETCATALOG_COMPILER_APPICON_NAME = AppIcon;
				CODE_SIGN_IDENTITY = "iPhone Developer";
				"CODE_SIGN_IDENTITY[sdk=iphoneos*]" = "iPhone Developer";
				INFOPLIST_FILE = GradeMate/Info.plist;
				IPHONEOS_DEPLOYMENT_TARGET = 10.0;
				LD_RUNPATH_SEARCH_PATHS = "$(inherited) @executable_path/Frameworks";
				PRODUCT_BUNDLE_IDENTIFIER = "com.TheHalf-BloodJedi.GradeMate";
				PRODUCT_NAME = GradeMate;
				PROVISIONING_PROFILE = "";
				SWIFT_VERSION = 5.0;
				TARGETED_DEVICE_FAMILY = 1;
			};
			name = Release;
		};
/* End XCBuildConfiguration section */

/* Begin XCConfigurationList section */
		D028A9041D2105F000AAA32A /* Build configuration list for PBXProject "GradeMate" */ = {
			isa = XCConfigurationList;
			buildConfigurations = (
				D028A9191D2105F000AAA32A /* Debug */,
				D028A91A1D2105F000AAA32A /* Release */,
			);
			defaultConfigurationIsVisible = 0;
			defaultConfigurationName = Release;
		};
		D028A91B1D2105F000AAA32A /* Build configuration list for PBXNativeTarget "GradeMate" */ = {
			isa = XCConfigurationList;
			buildConfigurations = (
				D028A91C1D2105F000AAA32A /* Debug */,
				D028A91D1D2105F000AAA32A /* Release */,
			);
			defaultConfigurationIsVisible = 0;
			defaultConfigurationName = Release;
		};
/* End XCConfigurationList section */
	};
	rootObject = D028A9011D2105F000AAA32A /* Project object */;
}
